
Microsoft Visual Studio Solution File, Format Version 12.00
# Visual Studio Version 16
VisualStudioVersion = 16.0.30104.148
MinimumVisualStudioVersion = 10.0.40219.1
Project("{FAE04EC0-301F-11D3-BF4B-00C04F79EFBC}") = "Challenge1_Cafe_ProgramUI", "Challenge2_Cafe\Challenge1_Cafe_ProgramUI.csproj", "{3840648D-3367-4A11-887B-A2C9E09EA0ED}"
EndProject
Project("{FAE04EC0-301F-11D3-BF4B-00C04F79EFBC}") = "Challenge1_Cafe_UnitTest", "Challenge1_Cafe_UnitTest\Challenge1_Cafe_UnitTest.csproj", "{8D3B1AAB-8A86-4622-A6DC-3A9CED33EE42}"
EndProject
Project("{FAE04EC0-301F-11D3-BF4B-00C04F79EFBC}") = "Challenge3_Badges_ProgramUI", "Challenge3_Badges\Challenge3_Badges_ProgramUI.csproj", "{29DC2890-DE01-4AD5-950C-FC2F43396FFD}"
EndProject
Project("{FAE04EC0-301F-11D3-BF4B-00C04F79EFBC}") = "Challenge3_Badges_UnitTest", "Challenge3_Badges_UnitTest\Challenge3_Badges_UnitTest.csproj", "{8ABAB5E2-3915-4B60-A793-7D9CE55D56DE}"
EndProject
Project("{FAE04EC0-301F-11D3-BF4B-00C04F79EFBC}") = "Challenge2_Claims_ProgramUI", "Challenge6_GreenPlan\Challenge2_Claims_ProgramUI.csproj", "{E3802477-76FB-4E3E-A881-D42C78DD302D}"
EndProject
Project("{FAE04EC0-301F-11D3-BF4B-00C04F79EFBC}") = "Challenge2_Claims_UnitTest", "Challenge6_GreenPlan_UnitTest\Challenge2_Claims_UnitTest.csproj", "{30B1E084-91C2-451C-9150-54C9C9CB61A4}"
EndProject
Project("{FAE04EC0-301F-11D3-BF4B-00C04F79EFBC}") = "Challenge2_Claims_Repository", "Challenge2_Claims_Repo\Challenge2_Claims_Repository.csproj", "{0B82E911-1EAB-45AD-8F21-373302830408}"
EndProject
Project("{FAE04EC0-301F-11D3-BF4B-00C04F79EFBC}") = "Challenge3_Badges_Repository", "Challenge3_Badges_Repository\Challenge3_Badges_Repository.csproj", "{118D1FAD-4863-4DC9-84C7-2489268FE2E8}"
EndProject
Project("{FAE04EC0-301F-11D3-BF4B-00C04F79EFBC}") = "Challenge1_Cafe_Repository", "Challenge1_Cafe_Repository\Challenge1_Cafe_Repository.csproj", "{381C9684-F2DF-40DE-9C0E-45E660D10C06}"
EndProject
Project("{FAE04EC0-301F-11D3-BF4B-00C04F79EFBC}") = "Challenge1_Cafe_Data", "Challenge1_Cafe_Data\Challenge1_Cafe_Data.csproj", "{05981D80-5B72-4806-95D9-A5521C17CCEC}"
EndProject
Project("{FAE04EC0-301F-11D3-BF4B-00C04F79EFBC}") = "Challenge2_Claims_Data", "Challenge2_Claims_Data\Challenge2_Claims_Data.csproj", "{85D2EA21-D548-4958-ABD3-2E99DA953209}"
EndProject
Project("{FAE04EC0-301F-11D3-BF4B-00C04F79EFBC}") = "Challenge3_Badges_Data", "Challenge3_Badges_Data\Challenge3_Badges_Data.csproj", "{5DA1310B-5F5B-4DEF-9A0D-7B97558DF40D}"
EndProject
Project("{2150E333-8FDC-42A3-9474-1A3956D46DE8}") = "Challenge1", "Challenge1", "{52FA60F9-21AE-435B-B714-37A148EB2753}"
EndProject
Project("{2150E333-8FDC-42A3-9474-1A3956D46DE8}") = "Challenge2", "Challenge2", "{04384CAB-096A-4A41-870C-248C874FDDCD}"
EndProject
Project("{2150E333-8FDC-42A3-9474-1A3956D46DE8}") = "Challenge3", "Challenge3", "{7C08D9DF-206B-4BDA-9E7A-6D3D10B74EB5}"
EndProject
Project("{2150E333-8FDC-42A3-9474-1A3956D46DE8}") = "Challenge4", "Challenge4", "{F2695A65-1D3C-4B31-92A5-205493FBD969}"
EndProject
Project("{FAE04EC0-301F-11D3-BF4B-00C04F79EFBC}") = "Challenge4_CompanyOutings_ProgramUI", "Challenge4_CompanyOutings_ProgramUI\Challenge4_CompanyOutings_ProgramUI.csproj", "{44F9C681-BA37-4144-83D4-8CDC92668B39}"
EndProject
Project("{FAE04EC0-301F-11D3-BF4B-00C04F79EFBC}") = "Challenge4_CompanyOuting_Data", "Challenge4_CompanyOuting_Data\Challenge4_CompanyOuting_Data.csproj", "{40E5019A-38C6-49CB-BFC3-A5D1E8D907E4}"
EndProject
Project("{FAE04EC0-301F-11D3-BF4B-00C04F79EFBC}") = "Challenge4_CompanyOuting_Repository", "Challenge4_CompanyOuting_Repository\Challenge4_CompanyOuting_Repository.csproj", "{BA05999B-D196-4177-B662-60F99D5A72CF}"
EndProject
Project("{FAE04EC0-301F-11D3-BF4B-00C04F79EFBC}") = "Challenge4_CompanyOutings_UnitTest", "Challenge4_CompanyOutings_UnitTest\Challenge4_CompanyOutings_UnitTest.csproj", "{55680E60-D034-41EF-953B-86A3BFBFD1AE}"
EndProject
Global
	GlobalSection(SolutionConfigurationPlatforms) = preSolution
		Debug|Any CPU = Debug|Any CPU
		Release|Any CPU = Release|Any CPU
	EndGlobalSection
	GlobalSection(ProjectConfigurationPlatforms) = postSolution
		{3840648D-3367-4A11-887B-A2C9E09EA0ED}.Debug|Any CPU.ActiveCfg = Debug|Any CPU
		{3840648D-3367-4A11-887B-A2C9E09EA0ED}.Debug|Any CPU.Build.0 = Debug|Any CPU
		{3840648D-3367-4A11-887B-A2C9E09EA0ED}.Release|Any CPU.ActiveCfg = Release|Any CPU
		{3840648D-3367-4A11-887B-A2C9E09EA0ED}.Release|Any CPU.Build.0 = Release|Any CPU
		{8D3B1AAB-8A86-4622-A6DC-3A9CED33EE42}.Debug|Any CPU.ActiveCfg = Debug|Any CPU
		{8D3B1AAB-8A86-4622-A6DC-3A9CED33EE42}.Debug|Any CPU.Build.0 = Debug|Any CPU
		{8D3B1AAB-8A86-4622-A6DC-3A9CED33EE42}.Release|Any CPU.ActiveCfg = Release|Any CPU
		{8D3B1AAB-8A86-4622-A6DC-3A9CED33EE42}.Release|Any CPU.Build.0 = Release|Any CPU
		{29DC2890-DE01-4AD5-950C-FC2F43396FFD}.Debug|Any CPU.ActiveCfg = Debug|Any CPU
		{29DC2890-DE01-4AD5-950C-FC2F43396FFD}.Debug|Any CPU.Build.0 = Debug|Any CPU
		{29DC2890-DE01-4AD5-950C-FC2F43396FFD}.Release|Any CPU.ActiveCfg = Release|Any CPU
		{29DC2890-DE01-4AD5-950C-FC2F43396FFD}.Release|Any CPU.Build.0 = Release|Any CPU
		{8ABAB5E2-3915-4B60-A793-7D9CE55D56DE}.Debug|Any CPU.ActiveCfg = Debug|Any CPU
		{8ABAB5E2-3915-4B60-A793-7D9CE55D56DE}.Debug|Any CPU.Build.0 = Debug|Any CPU
		{8ABAB5E2-3915-4B60-A793-7D9CE55D56DE}.Release|Any CPU.ActiveCfg = Release|Any CPU
		{8ABAB5E2-3915-4B60-A793-7D9CE55D56DE}.Release|Any CPU.Build.0 = Release|Any CPU
		{E3802477-76FB-4E3E-A881-D42C78DD302D}.Debug|Any CPU.ActiveCfg = Debug|Any CPU
		{E3802477-76FB-4E3E-A881-D42C78DD302D}.Debug|Any CPU.Build.0 = Debug|Any CPU
		{E3802477-76FB-4E3E-A881-D42C78DD302D}.Release|Any CPU.ActiveCfg = Release|Any CPU
		{E3802477-76FB-4E3E-A881-D42C78DD302D}.Release|Any CPU.Build.0 = Release|Any CPU
		{30B1E084-91C2-451C-9150-54C9C9CB61A4}.Debug|Any CPU.ActiveCfg = Debug|Any CPU
		{30B1E084-91C2-451C-9150-54C9C9CB61A4}.Debug|Any CPU.Build.0 = Debug|Any CPU
		{30B1E084-91C2-451C-9150-54C9C9CB61A4}.Release|Any CPU.ActiveCfg = Release|Any CPU
		{30B1E084-91C2-451C-9150-54C9C9CB61A4}.Release|Any CPU.Build.0 = Release|Any CPU
		{0B82E911-1EAB-45AD-8F21-373302830408}.Debug|Any CPU.ActiveCfg = Debug|Any CPU
		{0B82E911-1EAB-45AD-8F21-373302830408}.Debug|Any CPU.Build.0 = Debug|Any CPU
		{0B82E911-1EAB-45AD-8F21-373302830408}.Release|Any CPU.ActiveCfg = Release|Any CPU
		{0B82E911-1EAB-45AD-8F21-373302830408}.Release|Any CPU.Build.0 = Release|Any CPU
		{118D1FAD-4863-4DC9-84C7-2489268FE2E8}.Debug|Any CPU.ActiveCfg = Debug|Any CPU
		{118D1FAD-4863-4DC9-84C7-2489268FE2E8}.Debug|Any CPU.Build.0 = Debug|Any CPU
		{118D1FAD-4863-4DC9-84C7-2489268FE2E8}.Release|Any CPU.ActiveCfg = Release|Any CPU
		{118D1FAD-4863-4DC9-84C7-2489268FE2E8}.Release|Any CPU.Build.0 = Release|Any CPU
		{381C9684-F2DF-40DE-9C0E-45E660D10C06}.Debug|Any CPU.ActiveCfg = Debug|Any CPU
		{381C9684-F2DF-40DE-9C0E-45E660D10C06}.Debug|Any CPU.Build.0 = Debug|Any CPU
		{381C9684-F2DF-40DE-9C0E-45E660D10C06}.Release|Any CPU.ActiveCfg = Release|Any CPU
		{381C9684-F2DF-40DE-9C0E-45E660D10C06}.Release|Any CPU.Build.0 = Release|Any CPU
		{05981D80-5B72-4806-95D9-A5521C17CCEC}.Debug|Any CPU.ActiveCfg = Debug|Any CPU
		{05981D80-5B72-4806-95D9-A5521C17CCEC}.Debug|Any CPU.Build.0 = Debug|Any CPU
		{05981D80-5B72-4806-95D9-A5521C17CCEC}.Release|Any CPU.ActiveCfg = Release|Any CPU
		{05981D80-5B72-4806-95D9-A5521C17CCEC}.Release|Any CPU.Build.0 = Release|Any CPU
		{85D2EA21-D548-4958-ABD3-2E99DA953209}.Debug|Any CPU.ActiveCfg = Debug|Any CPU
		{85D2EA21-D548-4958-ABD3-2E99DA953209}.Debug|Any CPU.Build.0 = Debug|Any CPU
		{85D2EA21-D548-4958-ABD3-2E99DA953209}.Release|Any CPU.ActiveCfg = Release|Any CPU
		{85D2EA21-D548-4958-ABD3-2E99DA953209}.Release|Any CPU.Build.0 = Release|Any CPU
		{5DA1310B-5F5B-4DEF-9A0D-7B97558DF40D}.Debug|Any CPU.ActiveCfg = Debug|Any CPU
		{5DA1310B-5F5B-4DEF-9A0D-7B97558DF40D}.Debug|Any CPU.Build.0 = Debug|Any CPU
		{5DA1310B-5F5B-4DEF-9A0D-7B97558DF40D}.Release|Any CPU.ActiveCfg = Release|Any CPU
		{5DA1310B-5F5B-4DEF-9A0D-7B97558DF40D}.Release|Any CPU.Build.0 = Release|Any CPU
		{44F9C681-BA37-4144-83D4-8CDC92668B39}.Debug|Any CPU.ActiveCfg = Debug|Any CPU
		{44F9C681-BA37-4144-83D4-8CDC92668B39}.Debug|Any CPU.Build.0 = Debug|Any CPU
		{44F9C681-BA37-4144-83D4-8CDC92668B39}.Release|Any CPU.ActiveCfg = Release|Any CPU
		{44F9C681-BA37-4144-83D4-8CDC92668B39}.Release|Any CPU.Build.0 = Release|Any CPU
		{40E5019A-38C6-49CB-BFC3-A5D1E8D907E4}.Debug|Any CPU.ActiveCfg = Debug|Any CPU
		{40E5019A-38C6-49CB-BFC3-A5D1E8D907E4}.Debug|Any CPU.Build.0 = Debug|Any CPU
		{40E5019A-38C6-49CB-BFC3-A5D1E8D907E4}.Release|Any CPU.ActiveCfg = Release|Any CPU
		{40E5019A-38C6-49CB-BFC3-A5D1E8D907E4}.Release|Any CPU.Build.0 = Release|Any CPU
		{BA05999B-D196-4177-B662-60F99D5A72CF}.Debug|Any CPU.ActiveCfg = Debug|Any CPU
		{BA05999B-D196-4177-B662-60F99D5A72CF}.Debug|Any CPU.Build.0 = Debug|Any CPU
		{BA05999B-D196-4177-B662-60F99D5A72CF}.Release|Any CPU.ActiveCfg = Release|Any CPU
		{BA05999B-D196-4177-B662-60F99D5A72CF}.Release|Any CPU.Build.0 = Release|Any CPU
		{55680E60-D034-41EF-953B-86A3BFBFD1AE}.Debug|Any CPU.ActiveCfg = Debug|Any CPU
		{55680E60-D034-41EF-953B-86A3BFBFD1AE}.Debug|Any CPU.Build.0 = Debug|Any CPU
		{55680E60-D034-41EF-953B-86A3BFBFD1AE}.Release|Any CPU.ActiveCfg = Release|Any CPU
		{55680E60-D034-41EF-953B-86A3BFBFD1AE}.Release|Any CPU.Build.0 = Release|Any CPU
	EndGlobalSection
	GlobalSection(SolutionProperties) = preSolution
		HideSolutionNode = FALSE
	EndGlobalSection
	GlobalSection(NestedProjects) = preSolution
		{3840648D-3367-4A11-887B-A2C9E09EA0ED} = {52FA60F9-21AE-435B-B714-37A148EB2753}
		{8D3B1AAB-8A86-4622-A6DC-3A9CED33EE42} = {52FA60F9-21AE-435B-B714-37A148EB2753}
		{29DC2890-DE01-4AD5-950C-FC2F43396FFD} = {7C08D9DF-206B-4BDA-9E7A-6D3D10B74EB5}
		{8ABAB5E2-3915-4B60-A793-7D9CE55D56DE} = {7C08D9DF-206B-4BDA-9E7A-6D3D10B74EB5}
		{E3802477-76FB-4E3E-A881-D42C78DD302D} = {04384CAB-096A-4A41-870C-248C874FDDCD}
		{30B1E084-91C2-451C-9150-54C9C9CB61A4} = {04384CAB-096A-4A41-870C-248C874FDDCD}
		{0B82E911-1EAB-45AD-8F21-373302830408} = {04384CAB-096A-4A41-870C-248C874FDDCD}
		{118D1FAD-4863-4DC9-84C7-2489268FE2E8} = {7C08D9DF-206B-4BDA-9E7A-6D3D10B74EB5}
		{381C9684-F2DF-40DE-9C0E-45E660D10C06} = {52FA60F9-21AE-435B-B714-37A148EB2753}
		{05981D80-5B72-4806-95D9-A5521C17CCEC} = {52FA60F9-21AE-435B-B714-37A148EB2753}
		{85D2EA21-D548-4958-ABD3-2E99DA953209} = {04384CAB-096A-4A41-870C-248C874FDDCD}
		{5DA1310B-5F5B-4DEF-9A0D-7B97558DF40D} = {7C08D9DF-206B-4BDA-9E7A-6D3D10B74EB5}
		{44F9C681-BA37-4144-83D4-8CDC92668B39} = {F2695A65-1D3C-4B31-92A5-205493FBD969}
		{40E5019A-38C6-49CB-BFC3-A5D1E8D907E4} = {F2695A65-1D3C-4B31-92A5-205493FBD969}
		{BA05999B-D196-4177-B662-60F99D5A72CF} = {F2695A65-1D3C-4B31-92A5-205493FBD969}
		{55680E60-D034-41EF-953B-86A3BFBFD1AE} = {F2695A65-1D3C-4B31-92A5-205493FBD969}
	EndGlobalSection
	GlobalSection(ExtensibilityGlobals) = postSolution
		SolutionGuid = {F8E2D6BC-C385-4948-A4F5-245E1222337A}
	EndGlobalSection
EndGlobal
